
Microsoft Visual Studio Solution File, Format Version 12.00
Project("{2150E333-8FDC-42A3-9474-1A3956D46DE8}") = "src", "src", "{D366C269-0CDB-4695-998C-9E248C13D2CB}"
EndProject
Project("{2150E333-8FDC-42A3-9474-1A3956D46DE8}") = "BulletinBoard", "BulletinBoard", "{79FAEC04-BEBA-4B98-B212-62917D9B62B7}"
EndProject
Project("{2150E333-8FDC-42A3-9474-1A3956D46DE8}") = "Common", "Common", "{FA8AC19A-1CFC-4192-878D-8A46696C7F03}"
EndProject
Project("{2150E333-8FDC-42A3-9474-1A3956D46DE8}") = "Domain", "Domain", "{252F8295-56BD-4ED9-8BBA-8121761B7356}"
EndProject
Project("{FAE04EC0-301F-11D3-BF4B-00C04F79EFBC}") = "Domain", "src\BulletinBoard\Domain\Domain\Domain.csproj", "{7BAFFF28-31E7-482D-A803-E762564CA5ED}"
EndProject
Project("{2150E333-8FDC-42A3-9474-1A3956D46DE8}") = "Application", "Application", "{920D6345-AA90-4E00-B6DF-359DA3180B6D}"
EndProject
Project("{FAE04EC0-301F-11D3-BF4B-00C04F79EFBC}") = "Application", "src\BulletinBoard\Application\Application\Application.csproj", "{3946C399-ABEB-47B1-955C-005182637364}"
EndProject
Project("{2150E333-8FDC-42A3-9474-1A3956D46DE8}") = "Contracts", "Contracts", "{11A45A12-9026-4A79-83DC-B074083ED948}"
EndProject
Project("{FAE04EC0-301F-11D3-BF4B-00C04F79EFBC}") = "Contracts", "src\BulletinBoard\Contracts\Contracts\Contracts.csproj", "{C95E58EA-6147-460A-8A05-258A51657B0A}"
EndProject
Project("{2150E333-8FDC-42A3-9474-1A3956D46DE8}") = "Infrastructure", "Infrastructure", "{498ABBF5-9BD0-4D23-A177-25B5A2B6BDE8}"
EndProject
Project("{FAE04EC0-301F-11D3-BF4B-00C04F79EFBC}") = "Infrastructure", "src\BulletinBoard\Infrastructure\Infrastructure\Infrastructure.csproj", "{8340B65B-6C82-4C64-8614-D8AA647F57EA}"
EndProject
Project("{2150E333-8FDC-42A3-9474-1A3956D46DE8}") = "Hosts", "Hosts", "{62018CED-F434-4A0E-A198-BEF4D2827905}"
EndProject
Project("{FAE04EC0-301F-11D3-BF4B-00C04F79EFBC}") = "BulletinBoard.Hosts.Api", "src\BulletinBoard\Hosts\BulletinBoard.Hosts.Api\BulletinBoard.Hosts.Api.csproj", "{A4644EB2-75ED-4969-B77C-CCAA79CA67B3}"
EndProject
Project("{2150E333-8FDC-42A3-9474-1A3956D46DE8}") = "Solution Items", "Solution Items", "{A0F1476E-2D8A-4D78-AA6A-4C394CCBDEED}"
	ProjectSection(SolutionItems) = preProject
		docker-compose.yml = docker-compose.yml
		README.md = README.md
		.gitignore = .gitignore
		.env = .env
		LICENSE = LICENSE
		Dockerfile = Dockerfile
		seed-data.sql = seed-data.sql
	EndProjectSection
EndProject
Project("{FAE04EC0-301F-11D3-BF4B-00C04F79EFBC}") = "BulletinBoard.Hosts.DbMigrator", "src\BulletinBoard\Hosts\BulletinBoard.Hosts.DbMigrator\BulletinBoard.Hosts.DbMigrator.csproj", "{65C5A314-3CE8-419C-BFE5-C9056495A1FE}"
EndProject
Project("{2150E333-8FDC-42A3-9474-1A3956D46DE8}") = "tests", "tests", "{0AB3BF05-4346-4AA6-1389-037BE0695223}"
EndProject
Project("{FAE04EC0-301F-11D3-BF4B-00C04F79EFBC}") = "BulletinBoard.UnitTests", "tests\BulletinBoard.UnitTests\BulletinBoard.UnitTests.csproj", "{191242A9-6214-46D2-B0EC-C657FE10B5A1}"
EndProject
Project("{FAE04EC0-301F-11D3-BF4B-00C04F79EFBC}") = "BulletinBoard.IntegrationTests", "tests\BulletinBoard.IntegrationTests\BulletinBoard.IntegrationTests.csproj", "{2F1CEAC2-F210-4FA5-917A-14DF32330B86}"
EndProject
Global
	GlobalSection(SolutionConfigurationPlatforms) = preSolution
		Debug|Any CPU = Debug|Any CPU
		Debug|x64 = Debug|x64
		Debug|x86 = Debug|x86
		Release|Any CPU = Release|Any CPU
		Release|x64 = Release|x64
		Release|x86 = Release|x86
	EndGlobalSection
	GlobalSection(ProjectConfigurationPlatforms) = postSolution
		{7BAFFF28-31E7-482D-A803-E762564CA5ED}.Debug|Any CPU.ActiveCfg = Debug|Any CPU
		{7BAFFF28-31E7-482D-A803-E762564CA5ED}.Debug|Any CPU.Build.0 = Debug|Any CPU
		{7BAFFF28-31E7-482D-A803-E762564CA5ED}.Debug|x64.ActiveCfg = Debug|Any CPU
		{7BAFFF28-31E7-482D-A803-E762564CA5ED}.Debug|x64.Build.0 = Debug|Any CPU
		{7BAFFF28-31E7-482D-A803-E762564CA5ED}.Debug|x86.ActiveCfg = Debug|Any CPU
		{7BAFFF28-31E7-482D-A803-E762564CA5ED}.Debug|x86.Build.0 = Debug|Any CPU
		{7BAFFF28-31E7-482D-A803-E762564CA5ED}.Release|Any CPU.ActiveCfg = Release|Any CPU
		{7BAFFF28-31E7-482D-A803-E762564CA5ED}.Release|Any CPU.Build.0 = Release|Any CPU
		{7BAFFF28-31E7-482D-A803-E762564CA5ED}.Release|x64.ActiveCfg = Release|Any CPU
		{7BAFFF28-31E7-482D-A803-E762564CA5ED}.Release|x64.Build.0 = Release|Any CPU
		{7BAFFF28-31E7-482D-A803-E762564CA5ED}.Release|x86.ActiveCfg = Release|Any CPU
		{7BAFFF28-31E7-482D-A803-E762564CA5ED}.Release|x86.Build.0 = Release|Any CPU
		{3946C399-ABEB-47B1-955C-005182637364}.Debug|Any CPU.ActiveCfg = Debug|Any CPU
		{3946C399-ABEB-47B1-955C-005182637364}.Debug|Any CPU.Build.0 = Debug|Any CPU
		{3946C399-ABEB-47B1-955C-005182637364}.Debug|x64.ActiveCfg = Debug|Any CPU
		{3946C399-ABEB-47B1-955C-005182637364}.Debug|x64.Build.0 = Debug|Any CPU
		{3946C399-ABEB-47B1-955C-005182637364}.Debug|x86.ActiveCfg = Debug|Any CPU
		{3946C399-ABEB-47B1-955C-005182637364}.Debug|x86.Build.0 = Debug|Any CPU
		{3946C399-ABEB-47B1-955C-005182637364}.Release|Any CPU.ActiveCfg = Release|Any CPU
		{3946C399-ABEB-47B1-955C-005182637364}.Release|Any CPU.Build.0 = Release|Any CPU
		{3946C399-ABEB-47B1-955C-005182637364}.Release|x64.ActiveCfg = Release|Any CPU
		{3946C399-ABEB-47B1-955C-005182637364}.Release|x64.Build.0 = Release|Any CPU
		{3946C399-ABEB-47B1-955C-005182637364}.Release|x86.ActiveCfg = Release|Any CPU
		{3946C399-ABEB-47B1-955C-005182637364}.Release|x86.Build.0 = Release|Any CPU
		{C95E58EA-6147-460A-8A05-258A51657B0A}.Debug|Any CPU.ActiveCfg = Debug|Any CPU
		{C95E58EA-6147-460A-8A05-258A51657B0A}.Debug|Any CPU.Build.0 = Debug|Any CPU
		{C95E58EA-6147-460A-8A05-258A51657B0A}.Debug|x64.ActiveCfg = Debug|Any CPU
		{C95E58EA-6147-460A-8A05-258A51657B0A}.Debug|x64.Build.0 = Debug|Any CPU
		{C95E58EA-6147-460A-8A05-258A51657B0A}.Debug|x86.ActiveCfg = Debug|Any CPU
		{C95E58EA-6147-460A-8A05-258A51657B0A}.Debug|x86.Build.0 = Debug|Any CPU
		{C95E58EA-6147-460A-8A05-258A51657B0A}.Release|Any CPU.ActiveCfg = Release|Any CPU
		{C95E58EA-6147-460A-8A05-258A51657B0A}.Release|Any CPU.Build.0 = Release|Any CPU
		{C95E58EA-6147-460A-8A05-258A51657B0A}.Release|x64.ActiveCfg = Release|Any CPU
		{C95E58EA-6147-460A-8A05-258A51657B0A}.Release|x64.Build.0 = Release|Any CPU
		{C95E58EA-6147-460A-8A05-258A51657B0A}.Release|x86.ActiveCfg = Release|Any CPU
		{C95E58EA-6147-460A-8A05-258A51657B0A}.Release|x86.Build.0 = Release|Any CPU
		{8340B65B-6C82-4C64-8614-D8AA647F57EA}.Debug|Any CPU.ActiveCfg = Debug|Any CPU
		{8340B65B-6C82-4C64-8614-D8AA647F57EA}.Debug|Any CPU.Build.0 = Debug|Any CPU
		{8340B65B-6C82-4C64-8614-D8AA647F57EA}.Debug|x64.ActiveCfg = Debug|Any CPU
		{8340B65B-6C82-4C64-8614-D8AA647F57EA}.Debug|x64.Build.0 = Debug|Any CPU
		{8340B65B-6C82-4C64-8614-D8AA647F57EA}.Debug|x86.ActiveCfg = Debug|Any CPU
		{8340B65B-6C82-4C64-8614-D8AA647F57EA}.Debug|x86.Build.0 = Debug|Any CPU
		{8340B65B-6C82-4C64-8614-D8AA647F57EA}.Release|Any CPU.ActiveCfg = Release|Any CPU
		{8340B65B-6C82-4C64-8614-D8AA647F57EA}.Release|Any CPU.Build.0 = Release|Any CPU
		{8340B65B-6C82-4C64-8614-D8AA647F57EA}.Release|x64.ActiveCfg = Release|Any CPU
		{8340B65B-6C82-4C64-8614-D8AA647F57EA}.Release|x64.Build.0 = Release|Any CPU
		{8340B65B-6C82-4C64-8614-D8AA647F57EA}.Release|x86.ActiveCfg = Release|Any CPU
		{8340B65B-6C82-4C64-8614-D8AA647F57EA}.Release|x86.Build.0 = Release|Any CPU
		{A4644EB2-75ED-4969-B77C-CCAA79CA67B3}.Debug|Any CPU.ActiveCfg = Debug|Any CPU
		{A4644EB2-75ED-4969-B77C-CCAA79CA67B3}.Debug|Any CPU.Build.0 = Debug|Any CPU
		{A4644EB2-75ED-4969-B77C-CCAA79CA67B3}.Debug|x64.ActiveCfg = Debug|Any CPU
		{A4644EB2-75ED-4969-B77C-CCAA79CA67B3}.Debug|x64.Build.0 = Debug|Any CPU
		{A4644EB2-75ED-4969-B77C-CCAA79CA67B3}.Debug|x86.ActiveCfg = Debug|Any CPU
		{A4644EB2-75ED-4969-B77C-CCAA79CA67B3}.Debug|x86.Build.0 = Debug|Any CPU
		{A4644EB2-75ED-4969-B77C-CCAA79CA67B3}.Release|Any CPU.ActiveCfg = Release|Any CPU
		{A4644EB2-75ED-4969-B77C-CCAA79CA67B3}.Release|Any CPU.Build.0 = Release|Any CPU
		{A4644EB2-75ED-4969-B77C-CCAA79CA67B3}.Release|x64.ActiveCfg = Release|Any CPU
		{A4644EB2-75ED-4969-B77C-CCAA79CA67B3}.Release|x64.Build.0 = Release|Any CPU
		{A4644EB2-75ED-4969-B77C-CCAA79CA67B3}.Release|x86.ActiveCfg = Release|Any CPU
		{A4644EB2-75ED-4969-B77C-CCAA79CA67B3}.Release|x86.Build.0 = Release|Any CPU
		{65C5A314-3CE8-419C-BFE5-C9056495A1FE}.Debug|Any CPU.ActiveCfg = Debug|Any CPU
		{65C5A314-3CE8-419C-BFE5-C9056495A1FE}.Debug|Any CPU.Build.0 = Debug|Any CPU
		{65C5A314-3CE8-419C-BFE5-C9056495A1FE}.Debug|x64.ActiveCfg = Debug|Any CPU
		{65C5A314-3CE8-419C-BFE5-C9056495A1FE}.Debug|x64.Build.0 = Debug|Any CPU
		{65C5A314-3CE8-419C-BFE5-C9056495A1FE}.Debug|x86.ActiveCfg = Debug|Any CPU
		{65C5A314-3CE8-419C-BFE5-C9056495A1FE}.Debug|x86.Build.0 = Debug|Any CPU
		{65C5A314-3CE8-419C-BFE5-C9056495A1FE}.Release|Any CPU.ActiveCfg = Release|Any CPU
		{65C5A314-3CE8-419C-BFE5-C9056495A1FE}.Release|Any CPU.Build.0 = Release|Any CPU
		{65C5A314-3CE8-419C-BFE5-C9056495A1FE}.Release|x64.ActiveCfg = Release|Any CPU
		{65C5A314-3CE8-419C-BFE5-C9056495A1FE}.Release|x64.Build.0 = Release|Any CPU
		{65C5A314-3CE8-419C-BFE5-C9056495A1FE}.Release|x86.ActiveCfg = Release|Any CPU
		{65C5A314-3CE8-419C-BFE5-C9056495A1FE}.Release|x86.Build.0 = Release|Any CPU
		{191242A9-6214-46D2-B0EC-C657FE10B5A1}.Debug|Any CPU.ActiveCfg = Debug|Any CPU
		{191242A9-6214-46D2-B0EC-C657FE10B5A1}.Debug|Any CPU.Build.0 = Debug|Any CPU
		{191242A9-6214-46D2-B0EC-C657FE10B5A1}.Debug|x64.ActiveCfg = Debug|Any CPU
		{191242A9-6214-46D2-B0EC-C657FE10B5A1}.Debug|x64.Build.0 = Debug|Any CPU
		{191242A9-6214-46D2-B0EC-C657FE10B5A1}.Debug|x86.ActiveCfg = Debug|Any CPU
		{191242A9-6214-46D2-B0EC-C657FE10B5A1}.Debug|x86.Build.0 = Debug|Any CPU
		{191242A9-6214-46D2-B0EC-C657FE10B5A1}.Release|Any CPU.ActiveCfg = Release|Any CPU
		{191242A9-6214-46D2-B0EC-C657FE10B5A1}.Release|Any CPU.Build.0 = Release|Any CPU
		{191242A9-6214-46D2-B0EC-C657FE10B5A1}.Release|x64.ActiveCfg = Release|Any CPU
		{191242A9-6214-46D2-B0EC-C657FE10B5A1}.Release|x64.Build.0 = Release|Any CPU
		{191242A9-6214-46D2-B0EC-C657FE10B5A1}.Release|x86.ActiveCfg = Release|Any CPU
		{191242A9-6214-46D2-B0EC-C657FE10B5A1}.Release|x86.Build.0 = Release|Any CPU
		{2F1CEAC2-F210-4FA5-917A-14DF32330B86}.Debug|Any CPU.ActiveCfg = Debug|Any CPU
		{2F1CEAC2-F210-4FA5-917A-14DF32330B86}.Debug|Any CPU.Build.0 = Debug|Any CPU
		{2F1CEAC2-F210-4FA5-917A-14DF32330B86}.Debug|x64.ActiveCfg = Debug|Any CPU
		{2F1CEAC2-F210-4FA5-917A-14DF32330B86}.Debug|x64.Build.0 = Debug|Any CPU
		{2F1CEAC2-F210-4FA5-917A-14DF32330B86}.Debug|x86.ActiveCfg = Debug|Any CPU
		{2F1CEAC2-F210-4FA5-917A-14DF32330B86}.Debug|x86.Build.0 = Debug|Any CPU
		{2F1CEAC2-F210-4FA5-917A-14DF32330B86}.Release|Any CPU.ActiveCfg = Release|Any CPU
		{2F1CEAC2-F210-4FA5-917A-14DF32330B86}.Release|Any CPU.Build.0 = Release|Any CPU
		{2F1CEAC2-F210-4FA5-917A-14DF32330B86}.Release|x64.ActiveCfg = Release|Any CPU
		{2F1CEAC2-F210-4FA5-917A-14DF32330B86}.Release|x64.Build.0 = Release|Any CPU
		{2F1CEAC2-F210-4FA5-917A-14DF32330B86}.Release|x86.ActiveCfg = Release|Any CPU
		{2F1CEAC2-F210-4FA5-917A-14DF32330B86}.Release|x86.Build.0 = Release|Any CPU
	EndGlobalSection
	GlobalSection(SolutionProperties) = preSolution
		HideSolutionNode = FALSE
	EndGlobalSection
	GlobalSection(NestedProjects) = preSolution
		{79FAEC04-BEBA-4B98-B212-62917D9B62B7} = {D366C269-0CDB-4695-998C-9E248C13D2CB}
		{FA8AC19A-1CFC-4192-878D-8A46696C7F03} = {D366C269-0CDB-4695-998C-9E248C13D2CB}
		{252F8295-56BD-4ED9-8BBA-8121761B7356} = {79FAEC04-BEBA-4B98-B212-62917D9B62B7}
		{7BAFFF28-31E7-482D-A803-E762564CA5ED} = {252F8295-56BD-4ED9-8BBA-8121761B7356}
		{920D6345-AA90-4E00-B6DF-359DA3180B6D} = {79FAEC04-BEBA-4B98-B212-62917D9B62B7}
		{3946C399-ABEB-47B1-955C-005182637364} = {920D6345-AA90-4E00-B6DF-359DA3180B6D}
		{11A45A12-9026-4A79-83DC-B074083ED948} = {79FAEC04-BEBA-4B98-B212-62917D9B62B7}
		{C95E58EA-6147-460A-8A05-258A51657B0A} = {11A45A12-9026-4A79-83DC-B074083ED948}
		{498ABBF5-9BD0-4D23-A177-25B5A2B6BDE8} = {79FAEC04-BEBA-4B98-B212-62917D9B62B7}
		{8340B65B-6C82-4C64-8614-D8AA647F57EA} = {498ABBF5-9BD0-4D23-A177-25B5A2B6BDE8}
		{62018CED-F434-4A0E-A198-BEF4D2827905} = {79FAEC04-BEBA-4B98-B212-62917D9B62B7}
		{A4644EB2-75ED-4969-B77C-CCAA79CA67B3} = {62018CED-F434-4A0E-A198-BEF4D2827905}
		{65C5A314-3CE8-419C-BFE5-C9056495A1FE} = {62018CED-F434-4A0E-A198-BEF4D2827905}
		{191242A9-6214-46D2-B0EC-C657FE10B5A1} = {0AB3BF05-4346-4AA6-1389-037BE0695223}
		{2F1CEAC2-F210-4FA5-917A-14DF32330B86} = {0AB3BF05-4346-4AA6-1389-037BE0695223}
	EndGlobalSection
EndGlobal
